
Microsoft Visual Studio Solution File, Format Version 12.00
# Visual Studio 14
VisualStudioVersion = 14.0.25420.1
MinimumVisualStudioVersion = 10.0.40219.1
Project("{FAE04EC0-301F-11D3-BF4B-00C04F79EFBC}") = "FYKJ.Framework.Utility", "FYKJ.Framework.Unity\FYKJ.Framework.Utility.csproj", "{707DA750-A9B5-48AB-98DB-AABE568D082D}"
EndProject
Project("{FAE04EC0-301F-11D3-BF4B-00C04F79EFBC}") = "FYKJ.Framework.Config", "FYKJ.Framework.Config\FYKJ.Framework.Config.csproj", "{F2F8DE0C-3197-4FA1-B69D-6ABC110A1B14}"
EndProject
Project("{FAE04EC0-301F-11D3-BF4B-00C04F79EFBC}") = "FYKJ.Framewrok.DAL", "FYKJ.Framewrok.DAL\FYKJ.Framewrok.DAL.csproj", "{5640DFC5-95C9-427E-8FD7-0D0BD084CA8A}"
EndProject
Project("{FAE04EC0-301F-11D3-BF4B-00C04F79EFBC}") = "FYKJ.Framework.Cache", "FYKJ.Framework.Cache\FYKJ.Framework.Cache.csproj", "{74B8388A-57CC-4AD5-9D63-51DC51882B38}"
EndProject
Project("{FAE04EC0-301F-11D3-BF4B-00C04F79EFBC}") = "FYKJ.Framework.Log", "FYKJ.Framework.Log\FYKJ.Framework.Log.csproj", "{0AE3C3DE-0B95-4032-9157-DD9D70D8E629}"
EndProject
Project("{FAE04EC0-301F-11D3-BF4B-00C04F79EFBC}") = "FYKJ.Framework.Service", "FYKJ.Framework.Service\FYKJ.Framework.Service.csproj", "{1D50B0D9-7905-4879-B61A-82EBA4B7A647}"
EndProject
Project("{FAE04EC0-301F-11D3-BF4B-00C04F79EFBC}") = "FYKJ.Framework.Upload", "FYKJ.Framework.Upload\FYKJ.Framework.Upload.csproj", "{008FEED3-616B-4AFD-B0C2-03F13ABB564D}"
EndProject
Project("{FAE04EC0-301F-11D3-BF4B-00C04F79EFBC}") = "FYKJ.Framework.Web", "FYKJ.Framework.Web\FYKJ.Framework.Web.csproj", "{ADF02401-4759-4583-90A3-3628D4F9DFFD}"
EndProject
Project("{FAE04EC0-301F-11D3-BF4B-00C04F79EFBC}") = "FYKJ.Framework.Module", "FYKJ.Framework.Module\FYKJ.Framework.Module.csproj", "{88BDB171-9E9F-4619-9045-8ECF2C84A1B1}"
EndProject
Project("{FAE04EC0-301F-11D3-BF4B-00C04F79EFBC}") = "FYKJ.Framework.Contact", "FYKJ.Framework.Contact\FYKJ.Framework.Contact.csproj", "{4BB722E4-E0DF-4237-B1C0-96326C245387}"
EndProject
Global
	GlobalSection(SolutionConfigurationPlatforms) = preSolution
		Debug|Any CPU = Debug|Any CPU
		Release|Any CPU = Release|Any CPU
	EndGlobalSection
	GlobalSection(ProjectConfigurationPlatforms) = postSolution
		{707DA750-A9B5-48AB-98DB-AABE568D082D}.Debug|Any CPU.ActiveCfg = Debug|Any CPU
		{707DA750-A9B5-48AB-98DB-AABE568D082D}.Debug|Any CPU.Build.0 = Debug|Any CPU
		{707DA750-A9B5-48AB-98DB-AABE568D082D}.Release|Any CPU.ActiveCfg = Release|Any CPU
		{707DA750-A9B5-48AB-98DB-AABE568D082D}.Release|Any CPU.Build.0 = Release|Any CPU
		{F2F8DE0C-3197-4FA1-B69D-6ABC110A1B14}.Debug|Any CPU.ActiveCfg = Debug|Any CPU
		{F2F8DE0C-3197-4FA1-B69D-6ABC110A1B14}.Debug|Any CPU.Build.0 = Debug|Any CPU
		{F2F8DE0C-3197-4FA1-B69D-6ABC110A1B14}.Release|Any CPU.ActiveCfg = Release|Any CPU
		{F2F8DE0C-3197-4FA1-B69D-6ABC110A1B14}.Release|Any CPU.Build.0 = Release|Any CPU
		{5640DFC5-95C9-427E-8FD7-0D0BD084CA8A}.Debug|Any CPU.ActiveCfg = Debug|Any CPU
		{5640DFC5-95C9-427E-8FD7-0D0BD084CA8A}.Debug|Any CPU.Build.0 = Debug|Any CPU
		{5640DFC5-95C9-427E-8FD7-0D0BD084CA8A}.Release|Any CPU.ActiveCfg = Release|Any CPU
		{5640DFC5-95C9-427E-8FD7-0D0BD084CA8A}.Release|Any CPU.Build.0 = Release|Any CPU
		{74B8388A-57CC-4AD5-9D63-51DC51882B38}.Debug|Any CPU.ActiveCfg = Debug|Any CPU
		{74B8388A-57CC-4AD5-9D63-51DC51882B38}.Debug|Any CPU.Build.0 = Debug|Any CPU
		{74B8388A-57CC-4AD5-9D63-51DC51882B38}.Release|Any CPU.ActiveCfg = Release|Any CPU
		{74B8388A-57CC-4AD5-9D63-51DC51882B38}.Release|Any CPU.Build.0 = Release|Any CPU
		{0AE3C3DE-0B95-4032-9157-DD9D70D8E629}.Debug|Any CPU.ActiveCfg = Debug|Any CPU
		{0AE3C3DE-0B95-4032-9157-DD9D70D8E629}.Debug|Any CPU.Build.0 = Debug|Any CPU
		{0AE3C3DE-0B95-4032-9157-DD9D70D8E629}.Release|Any CPU.ActiveCfg = Release|Any CPU
		{0AE3C3DE-0B95-4032-9157-DD9D70D8E629}.Release|Any CPU.Build.0 = Release|Any CPU
		{1D50B0D9-7905-4879-B61A-82EBA4B7A647}.Debug|Any CPU.ActiveCfg = Debug|Any CPU
		{1D50B0D9-7905-4879-B61A-82EBA4B7A647}.Debug|Any CPU.Build.0 = Debug|Any CPU
		{1D50B0D9-7905-4879-B61A-82EBA4B7A647}.Release|Any CPU.ActiveCfg = Release|Any CPU
		{1D50B0D9-7905-4879-B61A-82EBA4B7A647}.Release|Any CPU.Build.0 = Release|Any CPU
		{008FEED3-616B-4AFD-B0C2-03F13ABB564D}.Debug|Any CPU.ActiveCfg = Debug|Any CPU
		{008FEED3-616B-4AFD-B0C2-03F13ABB564D}.Debug|Any CPU.Build.0 = Debug|Any CPU
		{008FEED3-616B-4AFD-B0C2-03F13ABB564D}.Release|Any CPU.ActiveCfg = Release|Any CPU
		{008FEED3-616B-4AFD-B0C2-03F13ABB564D}.Release|Any CPU.Build.0 = Release|Any CPU
		{ADF02401-4759-4583-90A3-3628D4F9DFFD}.Debug|Any CPU.ActiveCfg = Debug|Any CPU
		{ADF02401-4759-4583-90A3-3628D4F9DFFD}.Debug|Any CPU.Build.0 = Debug|Any CPU
		{ADF02401-4759-4583-90A3-3628D4F9DFFD}.Release|Any CPU.ActiveCfg = Release|Any CPU
		{ADF02401-4759-4583-90A3-3628D4F9DFFD}.Release|Any CPU.Build.0 = Release|Any CPU
		{88BDB171-9E9F-4619-9045-8ECF2C84A1B1}.Debug|Any CPU.ActiveCfg = Debug|Any CPU
		{88BDB171-9E9F-4619-9045-8ECF2C84A1B1}.Debug|Any CPU.Build.0 = Debug|Any CPU
		{88BDB171-9E9F-4619-9045-8ECF2C84A1B1}.Release|Any CPU.ActiveCfg = Release|Any CPU
		{88BDB171-9E9F-4619-9045-8ECF2C84A1B1}.Release|Any CPU.Build.0 = Release|Any CPU
		{4BB722E4-E0DF-4237-B1C0-96326C245387}.Debug|Any CPU.ActiveCfg = Debug|Any CPU
		{4BB722E4-E0DF-4237-B1C0-96326C245387}.Debug|Any CPU.Build.0 = Debug|Any CPU
		{4BB722E4-E0DF-4237-B1C0-96326C245387}.Release|Any CPU.ActiveCfg = Release|Any CPU
		{4BB722E4-E0DF-4237-B1C0-96326C245387}.Release|Any CPU.Build.0 = Release|Any CPU
	EndGlobalSection
	GlobalSection(SolutionProperties) = preSolution
		HideSolutionNode = FALSE
	EndGlobalSection
EndGlobal
